
Microsoft Visual Studio Solution File, Format Version 12.00
# Visual Studio Version 16
VisualStudioVersion = 16.0.33027.164
MinimumVisualStudioVersion = 10.0.40219.1
Project("{F2A71F9B-5D33-465A-A702-920D77279786}") = "app-web-backend", "app-web-backend\app-web-backend.fsproj", "{4F2990C8-4C57-4A77-9C32-FA1F8C916295}"
EndProject
Global
	GlobalSection(SolutionConfigurationPlatforms) = preSolution
		Debug|Any CPU = Debug|Any CPU
		Release|Any CPU = Release|Any CPU
	EndGlobalSection
	GlobalSection(ProjectConfigurationPlatforms) = postSolution
		{4F2990C8-4C57-4A77-9C32-FA1F8C916295}.Debug|Any CPU.ActiveCfg = Debug|Any CPU
		{4F2990C8-4C57-4A77-9C32-FA1F8C916295}.Debug|Any CPU.Build.0 = Debug|Any CPU
		{4F2990C8-4C57-4A77-9C32-FA1F8C916295}.Release|Any CPU.ActiveCfg = Release|Any CPU
		{4F2990C8-4C57-4A77-9C32-FA1F8C916295}.Release|Any CPU.Build.0 = Release|Any CPU
	EndGlobalSection
	GlobalSection(SolutionProperties) = preSolution
		HideSolutionNode = FALSE
	EndGlobalSection
	GlobalSection(ExtensibilityGlobals) = postSolution
		SolutionGuid = {96131C09-A0E3-45BA-A838-A8ED1804E97E}
	EndGlobalSection
EndGlobal
